
Microsoft Visual Studio Solution File, Format Version 12.00
# Visual Studio 15
VisualStudioVersion = 15.0.26124.0
MinimumVisualStudioVersion = 15.0.26124.0
Project("{FAE04EC0-301F-11D3-BF4B-00C04F79EFBC}") = "GameTOP", "GameTOP\GameTOP.csproj", "{53FF72AE-48C7-4046-9BA2-449A35AC3FCE}"
EndProject
Project("{FAE04EC0-301F-11D3-BF4B-00C04F79EFBC}") = "Gametop.Lib", "GameTOP.Lib\Gametop.Lib.csproj", "{3929A1D0-F877-462D-B0C8-D96E8728A410}"
EndProject
Project("{FAE04EC0-301F-11D3-BF4B-00C04F79EFBC}") = "GameTOP.Interface", "GameTOP.Interface\GameTOP.Interface.csproj", "{D8C034FD-1B8E-40DE-9731-37D91B75B628}"
EndProject
Global
	GlobalSection(SolutionConfigurationPlatforms) = preSolution
		Debug|Any CPU = Debug|Any CPU
		Debug|x64 = Debug|x64
		Debug|x86 = Debug|x86
		Release|Any CPU = Release|Any CPU
		Release|x64 = Release|x64
		Release|x86 = Release|x86
	EndGlobalSection
	GlobalSection(SolutionProperties) = preSolution
		HideSolutionNode = FALSE
	EndGlobalSection
	GlobalSection(ProjectConfigurationPlatforms) = postSolution
		{53FF72AE-48C7-4046-9BA2-449A35AC3FCE}.Debug|Any CPU.ActiveCfg = Debug|Any CPU
		{53FF72AE-48C7-4046-9BA2-449A35AC3FCE}.Debug|Any CPU.Build.0 = Debug|Any CPU
		{53FF72AE-48C7-4046-9BA2-449A35AC3FCE}.Debug|x64.ActiveCfg = Debug|Any CPU
		{53FF72AE-48C7-4046-9BA2-449A35AC3FCE}.Debug|x64.Build.0 = Debug|Any CPU
		{53FF72AE-48C7-4046-9BA2-449A35AC3FCE}.Debug|x86.ActiveCfg = Debug|Any CPU
		{53FF72AE-48C7-4046-9BA2-449A35AC3FCE}.Debug|x86.Build.0 = Debug|Any CPU
		{53FF72AE-48C7-4046-9BA2-449A35AC3FCE}.Release|Any CPU.ActiveCfg = Release|Any CPU
		{53FF72AE-48C7-4046-9BA2-449A35AC3FCE}.Release|Any CPU.Build.0 = Release|Any CPU
		{53FF72AE-48C7-4046-9BA2-449A35AC3FCE}.Release|x64.ActiveCfg = Release|Any CPU
		{53FF72AE-48C7-4046-9BA2-449A35AC3FCE}.Release|x64.Build.0 = Release|Any CPU
		{53FF72AE-48C7-4046-9BA2-449A35AC3FCE}.Release|x86.ActiveCfg = Release|Any CPU
		{53FF72AE-48C7-4046-9BA2-449A35AC3FCE}.Release|x86.Build.0 = Release|Any CPU
		{3929A1D0-F877-462D-B0C8-D96E8728A410}.Debug|Any CPU.ActiveCfg = Debug|Any CPU
		{3929A1D0-F877-462D-B0C8-D96E8728A410}.Debug|Any CPU.Build.0 = Debug|Any CPU
		{3929A1D0-F877-462D-B0C8-D96E8728A410}.Debug|x64.ActiveCfg = Debug|Any CPU
		{3929A1D0-F877-462D-B0C8-D96E8728A410}.Debug|x64.Build.0 = Debug|Any CPU
		{3929A1D0-F877-462D-B0C8-D96E8728A410}.Debug|x86.ActiveCfg = Debug|Any CPU
		{3929A1D0-F877-462D-B0C8-D96E8728A410}.Debug|x86.Build.0 = Debug|Any CPU
		{3929A1D0-F877-462D-B0C8-D96E8728A410}.Release|Any CPU.ActiveCfg = Release|Any CPU
		{3929A1D0-F877-462D-B0C8-D96E8728A410}.Release|Any CPU.Build.0 = Release|Any CPU
		{3929A1D0-F877-462D-B0C8-D96E8728A410}.Release|x64.ActiveCfg = Release|Any CPU
		{3929A1D0-F877-462D-B0C8-D96E8728A410}.Release|x64.Build.0 = Release|Any CPU
		{3929A1D0-F877-462D-B0C8-D96E8728A410}.Release|x86.ActiveCfg = Release|Any CPU
		{3929A1D0-F877-462D-B0C8-D96E8728A410}.Release|x86.Build.0 = Release|Any CPU
		{D8C034FD-1B8E-40DE-9731-37D91B75B628}.Debug|Any CPU.ActiveCfg = Debug|Any CPU
		{D8C034FD-1B8E-40DE-9731-37D91B75B628}.Debug|Any CPU.Build.0 = Debug|Any CPU
		{D8C034FD-1B8E-40DE-9731-37D91B75B628}.Debug|x64.ActiveCfg = Debug|Any CPU
		{D8C034FD-1B8E-40DE-9731-37D91B75B628}.Debug|x64.Build.0 = Debug|Any CPU
		{D8C034FD-1B8E-40DE-9731-37D91B75B628}.Debug|x86.ActiveCfg = Debug|Any CPU
		{D8C034FD-1B8E-40DE-9731-37D91B75B628}.Debug|x86.Build.0 = Debug|Any CPU
		{D8C034FD-1B8E-40DE-9731-37D91B75B628}.Release|Any CPU.ActiveCfg = Release|Any CPU
		{D8C034FD-1B8E-40DE-9731-37D91B75B628}.Release|Any CPU.Build.0 = Release|Any CPU
		{D8C034FD-1B8E-40DE-9731-37D91B75B628}.Release|x64.ActiveCfg = Release|Any CPU
		{D8C034FD-1B8E-40DE-9731-37D91B75B628}.Release|x64.Build.0 = Release|Any CPU
		{D8C034FD-1B8E-40DE-9731-37D91B75B628}.Release|x86.ActiveCfg = Release|Any CPU
		{D8C034FD-1B8E-40DE-9731-37D91B75B628}.Release|x86.Build.0 = Release|Any CPU
	EndGlobalSection
EndGlobal
